
Microsoft Visual Studio Solution File, Format Version 12.00
# Visual Studio Version 17
VisualStudioVersion = 17.13.35828.75
MinimumVisualStudioVersion = 10.0.40219.1
Project("{FAE04EC0-301F-11D3-BF4B-00C04F79EFBC}") = "EmpowerFit", "EmpowerFit\EmpowerFit.csproj", "{B01FF11F-D570-45C0-8303-9572BB9E4E68}"
EndProject
Project("{FAE04EC0-301F-11D3-BF4B-00C04F79EFBC}") = "ExFit.Models", "ExFit.Models\ExFit.Models.csproj", "{D6CF739F-ACD3-40E1-A99A-5C69460F3ECE}"
EndProject
Project("{FAE04EC0-301F-11D3-BF4B-00C04F79EFBC}") = "ExFit.DataAcces", "ExFit.DataAcces\ExFit.DataAcces.csproj", "{01E6D6D6-CCC7-4132-BBE9-F31352B7B449}"
EndProject
Project("{FAE04EC0-301F-11D3-BF4B-00C04F79EFBC}") = "ExFit.Utilities", "ExFit.Utilities\ExFit.Utilities.csproj", "{127EBBB2-0A4F-4C05-B693-6D2B1F8E9C0C}"
EndProject
Global
	GlobalSection(SolutionConfigurationPlatforms) = preSolution
		Debug|Any CPU = Debug|Any CPU
		Release|Any CPU = Release|Any CPU
	EndGlobalSection
	GlobalSection(ProjectConfigurationPlatforms) = postSolution
		{B01FF11F-D570-45C0-8303-9572BB9E4E68}.Debug|Any CPU.ActiveCfg = Debug|Any CPU
		{B01FF11F-D570-45C0-8303-9572BB9E4E68}.Debug|Any CPU.Build.0 = Debug|Any CPU
		{B01FF11F-D570-45C0-8303-9572BB9E4E68}.Release|Any CPU.ActiveCfg = Release|Any CPU
		{B01FF11F-D570-45C0-8303-9572BB9E4E68}.Release|Any CPU.Build.0 = Release|Any CPU
		{D6CF739F-ACD3-40E1-A99A-5C69460F3ECE}.Debug|Any CPU.ActiveCfg = Debug|Any CPU
		{D6CF739F-ACD3-40E1-A99A-5C69460F3ECE}.Debug|Any CPU.Build.0 = Debug|Any CPU
		{D6CF739F-ACD3-40E1-A99A-5C69460F3ECE}.Release|Any CPU.ActiveCfg = Release|Any CPU
		{D6CF739F-ACD3-40E1-A99A-5C69460F3ECE}.Release|Any CPU.Build.0 = Release|Any CPU
		{01E6D6D6-CCC7-4132-BBE9-F31352B7B449}.Debug|Any CPU.ActiveCfg = Debug|Any CPU
		{01E6D6D6-CCC7-4132-BBE9-F31352B7B449}.Debug|Any CPU.Build.0 = Debug|Any CPU
		{01E6D6D6-CCC7-4132-BBE9-F31352B7B449}.Release|Any CPU.ActiveCfg = Release|Any CPU
		{01E6D6D6-CCC7-4132-BBE9-F31352B7B449}.Release|Any CPU.Build.0 = Release|Any CPU
		{127EBBB2-0A4F-4C05-B693-6D2B1F8E9C0C}.Debug|Any CPU.ActiveCfg = Debug|Any CPU
		{127EBBB2-0A4F-4C05-B693-6D2B1F8E9C0C}.Debug|Any CPU.Build.0 = Debug|Any CPU
		{127EBBB2-0A4F-4C05-B693-6D2B1F8E9C0C}.Release|Any CPU.ActiveCfg = Release|Any CPU
		{127EBBB2-0A4F-4C05-B693-6D2B1F8E9C0C}.Release|Any CPU.Build.0 = Release|Any CPU
	EndGlobalSection
	GlobalSection(SolutionProperties) = preSolution
		HideSolutionNode = FALSE
	EndGlobalSection
	GlobalSection(ExtensibilityGlobals) = postSolution
		SolutionGuid = {C6BD87B2-A241-43CD-8202-F03F75B100A1}
	EndGlobalSection
EndGlobal
