
Microsoft Visual Studio Solution File, Format Version 12.00
# Visual Studio Version 17
VisualStudioVersion = 17.13.35828.75 d17.13
MinimumVisualStudioVersion = 10.0.40219.1
Project("{FAE04EC0-301F-11D3-BF4B-00C04F79EFBC}") = "EmpowerFit", "EmpowerFit\EmpowerFit.csproj", "{B01FF11F-D570-45C0-8303-9572BB9E4E68}"
EndProject
Global
	GlobalSection(SolutionConfigurationPlatforms) = preSolution
		Debug|Any CPU = Debug|Any CPU
		Release|Any CPU = Release|Any CPU
	EndGlobalSection
	GlobalSection(ProjectConfigurationPlatforms) = postSolution
		{B01FF11F-D570-45C0-8303-9572BB9E4E68}.Debug|Any CPU.ActiveCfg = Debug|Any CPU
		{B01FF11F-D570-45C0-8303-9572BB9E4E68}.Debug|Any CPU.Build.0 = Debug|Any CPU
		{B01FF11F-D570-45C0-8303-9572BB9E4E68}.Release|Any CPU.ActiveCfg = Release|Any CPU
		{B01FF11F-D570-45C0-8303-9572BB9E4E68}.Release|Any CPU.Build.0 = Release|Any CPU
	EndGlobalSection
	GlobalSection(SolutionProperties) = preSolution
		HideSolutionNode = FALSE
	EndGlobalSection
	GlobalSection(ExtensibilityGlobals) = postSolution
		SolutionGuid = {C6BD87B2-A241-43CD-8202-F03F75B100A1}
	EndGlobalSection
EndGlobal
